
Microsoft Visual Studio Solution File, Format Version 12.00
# Visual Studio Version 16
VisualStudioVersion = 16.0.31205.134
MinimumVisualStudioVersion = 10.0.40219.1
Project("{FAE04EC0-301F-11D3-BF4B-00C04F79EFBC}") = "CV", "CV\CV.csproj", "{5ABA997B-0C3C-464A-A005-E02DEC06F180}"
EndProject
Global
	GlobalSection(SolutionConfigurationPlatforms) = preSolution
		Debug|Any CPU = Debug|Any CPU
		Release|Any CPU = Release|Any CPU
	EndGlobalSection
	GlobalSection(ProjectConfigurationPlatforms) = postSolution
		{5ABA997B-0C3C-464A-A005-E02DEC06F180}.Debug|Any CPU.ActiveCfg = Debug|Any CPU
		{5ABA997B-0C3C-464A-A005-E02DEC06F180}.Debug|Any CPU.Build.0 = Debug|Any CPU
		{5ABA997B-0C3C-464A-A005-E02DEC06F180}.Release|Any CPU.ActiveCfg = Release|Any CPU
		{5ABA997B-0C3C-464A-A005-E02DEC06F180}.Release|Any CPU.Build.0 = Release|Any CPU
	EndGlobalSection
	GlobalSection(SolutionProperties) = preSolution
		HideSolutionNode = FALSE
	EndGlobalSection
	GlobalSection(ExtensibilityGlobals) = postSolution
		SolutionGuid = {15C1EDE5-2A32-4DCF-BDF0-E6BA51A49FA2}
	EndGlobalSection
EndGlobal
